
Microsoft Visual Studio Solution File, Format Version 12.00
# Visual Studio 15
VisualStudioVersion = 15.0.28307.645
MinimumVisualStudioVersion = 10.0.40219.1
Project("{FAE04EC0-301F-11D3-BF4B-00C04F79EFBC}") = "2.1.1.1", "2.1.1.1\2.1.1.1.csproj", "{4BF0184E-C776-454D-BDE8-ED45C022821B}"
EndProject
Project("{FAE04EC0-301F-11D3-BF4B-00C04F79EFBC}") = "2.1.1.2", "2.1.1.2\2.1.1.2.csproj", "{EE986719-AE67-4C06-9ECE-4EDEC32389F9}"
EndProject
Project("{FAE04EC0-301F-11D3-BF4B-00C04F79EFBC}") = "2.1.3.1", "2.1.3.1\2.1.3.1.csproj", "{21457501-EDD4-452B-8A95-012D907D1BDD}"
EndProject
Project("{FAE04EC0-301F-11D3-BF4B-00C04F79EFBC}") = "2.1.5.1", "2.1.5.1\2.1.5.1.csproj", "{67E39740-B3FE-426C-9B90-BE05CC2A79C0}"
EndProject
Project("{FAE04EC0-301F-11D3-BF4B-00C04F79EFBC}") = "2.1.9.1", "2.1.9.1\2.1.9.1.csproj", "{0DF5C18F-F13E-4910-8B0F-2F97E17812C3}"
EndProject
Project("{FAE04EC0-301F-11D3-BF4B-00C04F79EFBC}") = "2.2.1.1.1", "2.2.1.1.1\2.2.1.1.1.csproj", "{CC7D76C2-E5CC-486E-BAE5-EC6A180BE9D8}"
EndProject
Project("{FAE04EC0-301F-11D3-BF4B-00C04F79EFBC}") = "2.2.1.2.1", "2.2.1.2.1\2.2.1.2.1.csproj", "{E953C23B-697F-4182-B830-7C5331F47983}"
EndProject
Project("{FAE04EC0-301F-11D3-BF4B-00C04F79EFBC}") = "2.2.2.1", "2.2.2.1\2.2.2.1.csproj", "{17998B02-D95E-4C24-A6DA-A82A265E9665}"
EndProject
Project("{FAE04EC0-301F-11D3-BF4B-00C04F79EFBC}") = "2.2.3.1", "2.2.3.1\2.2.3.1.csproj", "{17493603-0073-4F4F-8141-28424476DBA5}"
EndProject
Project("{FAE04EC0-301F-11D3-BF4B-00C04F79EFBC}") = "2.2.3.5", "2.2.3.5\2.2.3.5.csproj", "{CFF37A30-3DE1-4089-8FBD-44449D733376}"
EndProject
Project("{FAE04EC0-301F-11D3-BF4B-00C04F79EFBC}") = "2.2.4.1", "2.2.4.1\2.2.4.1.csproj", "{78716C96-4FE3-43A7-93D8-795A72394147}"
EndProject
Project("{FAE04EC0-301F-11D3-BF4B-00C04F79EFBC}") = "2.2.5.1", "2.2.5.1\2.2.5.1.csproj", "{53CD5363-44A6-4FD2-86CA-E438D1AF9786}"
EndProject
Project("{FAE04EC0-301F-11D3-BF4B-00C04F79EFBC}") = "2.2.6.2", "2.2.6.2\2.2.6.2.csproj", "{6AA0F7C4-4A58-42E8-82F4-4DBAF0226024}"
EndProject
Project("{FAE04EC0-301F-11D3-BF4B-00C04F79EFBC}") = "2.5.1", "2.5.1\2.5.1.csproj", "{00C62388-D1CE-412C-926B-687E7025965B}"
EndProject
Project("{FAE04EC0-301F-11D3-BF4B-00C04F79EFBC}") = "2.6.6", "2.6.6\2.6.6.csproj", "{34D61875-5528-4AFB-A1AE-6A7474795C26}"
EndProject
Global
	GlobalSection(SolutionConfigurationPlatforms) = preSolution
		Debug|Any CPU = Debug|Any CPU
		Release|Any CPU = Release|Any CPU
	EndGlobalSection
	GlobalSection(ProjectConfigurationPlatforms) = postSolution
		{4BF0184E-C776-454D-BDE8-ED45C022821B}.Debug|Any CPU.ActiveCfg = Debug|Any CPU
		{4BF0184E-C776-454D-BDE8-ED45C022821B}.Debug|Any CPU.Build.0 = Debug|Any CPU
		{4BF0184E-C776-454D-BDE8-ED45C022821B}.Release|Any CPU.ActiveCfg = Release|Any CPU
		{4BF0184E-C776-454D-BDE8-ED45C022821B}.Release|Any CPU.Build.0 = Release|Any CPU
		{EE986719-AE67-4C06-9ECE-4EDEC32389F9}.Debug|Any CPU.ActiveCfg = Debug|Any CPU
		{EE986719-AE67-4C06-9ECE-4EDEC32389F9}.Debug|Any CPU.Build.0 = Debug|Any CPU
		{EE986719-AE67-4C06-9ECE-4EDEC32389F9}.Release|Any CPU.ActiveCfg = Release|Any CPU
		{EE986719-AE67-4C06-9ECE-4EDEC32389F9}.Release|Any CPU.Build.0 = Release|Any CPU
		{21457501-EDD4-452B-8A95-012D907D1BDD}.Debug|Any CPU.ActiveCfg = Debug|Any CPU
		{21457501-EDD4-452B-8A95-012D907D1BDD}.Debug|Any CPU.Build.0 = Debug|Any CPU
		{21457501-EDD4-452B-8A95-012D907D1BDD}.Release|Any CPU.ActiveCfg = Release|Any CPU
		{21457501-EDD4-452B-8A95-012D907D1BDD}.Release|Any CPU.Build.0 = Release|Any CPU
		{67E39740-B3FE-426C-9B90-BE05CC2A79C0}.Debug|Any CPU.ActiveCfg = Debug|Any CPU
		{67E39740-B3FE-426C-9B90-BE05CC2A79C0}.Debug|Any CPU.Build.0 = Debug|Any CPU
		{67E39740-B3FE-426C-9B90-BE05CC2A79C0}.Release|Any CPU.ActiveCfg = Release|Any CPU
		{67E39740-B3FE-426C-9B90-BE05CC2A79C0}.Release|Any CPU.Build.0 = Release|Any CPU
		{0DF5C18F-F13E-4910-8B0F-2F97E17812C3}.Debug|Any CPU.ActiveCfg = Debug|Any CPU
		{0DF5C18F-F13E-4910-8B0F-2F97E17812C3}.Debug|Any CPU.Build.0 = Debug|Any CPU
		{0DF5C18F-F13E-4910-8B0F-2F97E17812C3}.Release|Any CPU.ActiveCfg = Release|Any CPU
		{0DF5C18F-F13E-4910-8B0F-2F97E17812C3}.Release|Any CPU.Build.0 = Release|Any CPU
		{CC7D76C2-E5CC-486E-BAE5-EC6A180BE9D8}.Debug|Any CPU.ActiveCfg = Debug|Any CPU
		{CC7D76C2-E5CC-486E-BAE5-EC6A180BE9D8}.Debug|Any CPU.Build.0 = Debug|Any CPU
		{CC7D76C2-E5CC-486E-BAE5-EC6A180BE9D8}.Release|Any CPU.ActiveCfg = Release|Any CPU
		{CC7D76C2-E5CC-486E-BAE5-EC6A180BE9D8}.Release|Any CPU.Build.0 = Release|Any CPU
		{E953C23B-697F-4182-B830-7C5331F47983}.Debug|Any CPU.ActiveCfg = Debug|Any CPU
		{E953C23B-697F-4182-B830-7C5331F47983}.Debug|Any CPU.Build.0 = Debug|Any CPU
		{E953C23B-697F-4182-B830-7C5331F47983}.Release|Any CPU.ActiveCfg = Release|Any CPU
		{E953C23B-697F-4182-B830-7C5331F47983}.Release|Any CPU.Build.0 = Release|Any CPU
		{17998B02-D95E-4C24-A6DA-A82A265E9665}.Debug|Any CPU.ActiveCfg = Debug|Any CPU
		{17998B02-D95E-4C24-A6DA-A82A265E9665}.Debug|Any CPU.Build.0 = Debug|Any CPU
		{17998B02-D95E-4C24-A6DA-A82A265E9665}.Release|Any CPU.ActiveCfg = Release|Any CPU
		{17998B02-D95E-4C24-A6DA-A82A265E9665}.Release|Any CPU.Build.0 = Release|Any CPU
		{17493603-0073-4F4F-8141-28424476DBA5}.Debug|Any CPU.ActiveCfg = Debug|Any CPU
		{17493603-0073-4F4F-8141-28424476DBA5}.Debug|Any CPU.Build.0 = Debug|Any CPU
		{17493603-0073-4F4F-8141-28424476DBA5}.Release|Any CPU.ActiveCfg = Release|Any CPU
		{17493603-0073-4F4F-8141-28424476DBA5}.Release|Any CPU.Build.0 = Release|Any CPU
		{CFF37A30-3DE1-4089-8FBD-44449D733376}.Debug|Any CPU.ActiveCfg = Debug|Any CPU
		{CFF37A30-3DE1-4089-8FBD-44449D733376}.Debug|Any CPU.Build.0 = Debug|Any CPU
		{CFF37A30-3DE1-4089-8FBD-44449D733376}.Release|Any CPU.ActiveCfg = Release|Any CPU
		{CFF37A30-3DE1-4089-8FBD-44449D733376}.Release|Any CPU.Build.0 = Release|Any CPU
		{78716C96-4FE3-43A7-93D8-795A72394147}.Debug|Any CPU.ActiveCfg = Debug|Any CPU
		{78716C96-4FE3-43A7-93D8-795A72394147}.Debug|Any CPU.Build.0 = Debug|Any CPU
		{78716C96-4FE3-43A7-93D8-795A72394147}.Release|Any CPU.ActiveCfg = Release|Any CPU
		{78716C96-4FE3-43A7-93D8-795A72394147}.Release|Any CPU.Build.0 = Release|Any CPU
		{53CD5363-44A6-4FD2-86CA-E438D1AF9786}.Debug|Any CPU.ActiveCfg = Debug|Any CPU
		{53CD5363-44A6-4FD2-86CA-E438D1AF9786}.Debug|Any CPU.Build.0 = Debug|Any CPU
		{53CD5363-44A6-4FD2-86CA-E438D1AF9786}.Release|Any CPU.ActiveCfg = Release|Any CPU
		{53CD5363-44A6-4FD2-86CA-E438D1AF9786}.Release|Any CPU.Build.0 = Release|Any CPU
		{6AA0F7C4-4A58-42E8-82F4-4DBAF0226024}.Debug|Any CPU.ActiveCfg = Debug|Any CPU
		{6AA0F7C4-4A58-42E8-82F4-4DBAF0226024}.Debug|Any CPU.Build.0 = Debug|Any CPU
		{6AA0F7C4-4A58-42E8-82F4-4DBAF0226024}.Release|Any CPU.ActiveCfg = Release|Any CPU
		{6AA0F7C4-4A58-42E8-82F4-4DBAF0226024}.Release|Any CPU.Build.0 = Release|Any CPU
		{00C62388-D1CE-412C-926B-687E7025965B}.Debug|Any CPU.ActiveCfg = Debug|Any CPU
		{00C62388-D1CE-412C-926B-687E7025965B}.Debug|Any CPU.Build.0 = Debug|Any CPU
		{00C62388-D1CE-412C-926B-687E7025965B}.Release|Any CPU.ActiveCfg = Release|Any CPU
		{00C62388-D1CE-412C-926B-687E7025965B}.Release|Any CPU.Build.0 = Release|Any CPU
		{34D61875-5528-4AFB-A1AE-6A7474795C26}.Debug|Any CPU.ActiveCfg = Debug|Any CPU
		{34D61875-5528-4AFB-A1AE-6A7474795C26}.Debug|Any CPU.Build.0 = Debug|Any CPU
		{34D61875-5528-4AFB-A1AE-6A7474795C26}.Release|Any CPU.ActiveCfg = Release|Any CPU
		{34D61875-5528-4AFB-A1AE-6A7474795C26}.Release|Any CPU.Build.0 = Release|Any CPU
	EndGlobalSection
	GlobalSection(SolutionProperties) = preSolution
		HideSolutionNode = FALSE
	EndGlobalSection
	GlobalSection(ExtensibilityGlobals) = postSolution
		SolutionGuid = {420A3378-F861-42C7-A7A1-536F3BD96C8B}
	EndGlobalSection
EndGlobal
